
Microsoft Visual Studio Solution File, Format Version 12.00
# Visual Studio 15
VisualStudioVersion = 15.0.27703.2042
MinimumVisualStudioVersion = 10.0.40219.1
Project("{9A19103F-16F7-4668-BE54-9A1E7A4F7556}") = "Blazor.Serilog.Sink", "Blazor.Serilog.Sink\Blazor.Serilog.Sink.csproj", "{8517DFFF-2CBD-4F78-A520-38C88C019D13}"
EndProject
Global
	GlobalSection(SolutionConfigurationPlatforms) = preSolution
		Debug|Any CPU = Debug|Any CPU
		Release|Any CPU = Release|Any CPU
	EndGlobalSection
	GlobalSection(ProjectConfigurationPlatforms) = postSolution
		{8517DFFF-2CBD-4F78-A520-38C88C019D13}.Debug|Any CPU.ActiveCfg = Debug|Any CPU
		{8517DFFF-2CBD-4F78-A520-38C88C019D13}.Debug|Any CPU.Build.0 = Debug|Any CPU
		{8517DFFF-2CBD-4F78-A520-38C88C019D13}.Release|Any CPU.ActiveCfg = Release|Any CPU
		{8517DFFF-2CBD-4F78-A520-38C88C019D13}.Release|Any CPU.Build.0 = Release|Any CPU
	EndGlobalSection
	GlobalSection(SolutionProperties) = preSolution
		HideSolutionNode = FALSE
	EndGlobalSection
	GlobalSection(ExtensibilityGlobals) = postSolution
		SolutionGuid = {700BB9FB-ADEE-426D-8A90-E66945C2FB4E}
	EndGlobalSection
EndGlobal
